
Microsoft Visual Studio Solution File, Format Version 12.00
# Visual Studio 15
VisualStudioVersion = 15.0.27703.2026
MinimumVisualStudioVersion = 10.0.40219.1
Project("{FAE04EC0-301F-11D3-BF4B-00C04F79EFBC}") = "PruebaWithJsonParameter", "PruebaWithJsonParameter\PruebaWithJsonParameter.csproj", "{52CC78FC-3D2E-43E7-8CCA-81EDA48DC290}"
EndProject
Global
	GlobalSection(SolutionConfigurationPlatforms) = preSolution
		Debug|Any CPU = Debug|Any CPU
		Release|Any CPU = Release|Any CPU
	EndGlobalSection
	GlobalSection(ProjectConfigurationPlatforms) = postSolution
		{52CC78FC-3D2E-43E7-8CCA-81EDA48DC290}.Debug|Any CPU.ActiveCfg = Debug|Any CPU
		{52CC78FC-3D2E-43E7-8CCA-81EDA48DC290}.Debug|Any CPU.Build.0 = Debug|Any CPU
		{52CC78FC-3D2E-43E7-8CCA-81EDA48DC290}.Release|Any CPU.ActiveCfg = Release|Any CPU
		{52CC78FC-3D2E-43E7-8CCA-81EDA48DC290}.Release|Any CPU.Build.0 = Release|Any CPU
	EndGlobalSection
	GlobalSection(SolutionProperties) = preSolution
		HideSolutionNode = FALSE
	EndGlobalSection
	GlobalSection(ExtensibilityGlobals) = postSolution
		SolutionGuid = {1A6925D4-5386-47B9-8D55-F8EC21E843D1}
	EndGlobalSection
EndGlobal
